
Microsoft Visual Studio Solution File, Format Version 12.00
# Visual Studio Version 17
VisualStudioVersion = 17.0.32126.317
MinimumVisualStudioVersion = 10.0.40219.1
Project("{FAE04EC0-301F-11D3-BF4B-00C04F79EFBC}") = "Serialization", "Serialization\Serialization.csproj", "{D0D58045-9428-45ED-BF96-149C25DAE8A9}"
EndProject
Project("{FAE04EC0-301F-11D3-BF4B-00C04F79EFBC}") = "SOLID", "SOLID\SOLID.csproj", "{029C83FF-92B1-403D-AE57-D0517BBBEBC5}"
EndProject
Global
	GlobalSection(SolutionConfigurationPlatforms) = preSolution
		Debug|Any CPU = Debug|Any CPU
		Release|Any CPU = Release|Any CPU
	EndGlobalSection
	GlobalSection(ProjectConfigurationPlatforms) = postSolution
		{D0D58045-9428-45ED-BF96-149C25DAE8A9}.Debug|Any CPU.ActiveCfg = Debug|Any CPU
		{D0D58045-9428-45ED-BF96-149C25DAE8A9}.Debug|Any CPU.Build.0 = Debug|Any CPU
		{D0D58045-9428-45ED-BF96-149C25DAE8A9}.Release|Any CPU.ActiveCfg = Release|Any CPU
		{D0D58045-9428-45ED-BF96-149C25DAE8A9}.Release|Any CPU.Build.0 = Release|Any CPU
		{029C83FF-92B1-403D-AE57-D0517BBBEBC5}.Debug|Any CPU.ActiveCfg = Debug|Any CPU
		{029C83FF-92B1-403D-AE57-D0517BBBEBC5}.Debug|Any CPU.Build.0 = Debug|Any CPU
		{029C83FF-92B1-403D-AE57-D0517BBBEBC5}.Release|Any CPU.ActiveCfg = Release|Any CPU
		{029C83FF-92B1-403D-AE57-D0517BBBEBC5}.Release|Any CPU.Build.0 = Release|Any CPU
	EndGlobalSection
	GlobalSection(SolutionProperties) = preSolution
		HideSolutionNode = FALSE
	EndGlobalSection
	GlobalSection(ExtensibilityGlobals) = postSolution
		SolutionGuid = {9277C315-EC88-458F-9F94-A54C5FB3DDDE}
	EndGlobalSection
EndGlobal
